{
  "name": "puffgres-debug-ui",
  "version": "1.0.0",
  "lockfileVersion": 3,
  "requires": true,
  "packages": {
    "": {
      "name": "puffgres-debug-ui",
      "version": "1.0.0",
      "dependencies": {
        "@turbopuffer/turbopuffer": "^1.14.8"
      }
    },
    "node_modules/@turbopuffer/turbopuffer": {
      "version": "1.14.8",
      "resolved": "https://registry.npmjs.org/@turbopuffer/turbopuffer/-/turbopuffer-1.14.8.tgz",
      "integrity": "sha512-JgSo3dG+zJnV2LwfiAfkh1rcwhDMgoz8j382dQARi8mmih+d20M+nY2NVIS+ZaoIzJ8qGDToDjaAymLJxQ5fOw==",
      "license": "MIT",
      "dependencies": {
        "pako": "^2.1.0",
        "undici": "^7.10.0"
      }
    },
    "node_modules/pako": {
      "version": "2.1.0",
      "resolved": "https://registry.npmjs.org/pako/-/pako-2.1.0.tgz",
      "integrity": "sha512-w+eufiZ1WuJYgPXbV/PO3NCMEc3xqylkKHzp8bxp1uW4qaSNQUkwmLLEc3kKsfz8lpV1F8Ht3U1Cm+9Srog2ug==",
      "license": "(MIT AND Zlib)"
    },
    "node_modules/undici": {
      "version": "7.19.2",
      "resolved": "https://registry.npmjs.org/undici/-/undici-7.19.2.tgz",
      "integrity": "sha512-4VQSpGEGsWzk0VYxyB/wVX/Q7qf9t5znLRgs0dzszr9w9Fej/8RVNQ+S20vdXSAyra/bJ7ZQfGv6ZMj7UEbzSg==",
      "license": "MIT",
      "engines": {
        "node": ">=20.18.1"
      }
    }
  }
}
